
Microsoft Visual Studio Solution File, Format Version 12.00
# Visual Studio 14
VisualStudioVersion = 14.0.25123.0
MinimumVisualStudioVersion = 10.0.40219.1
Project("{FAE04EC0-301F-11D3-BF4B-00C04F79EFBC}") = "MApp.Web", "MApp\MApp.Web.csproj", "{3398532B-1B4E-4EA8-868C-FA5A77782051}"
EndProject
Project("{FAE04EC0-301F-11D3-BF4B-00C04F79EFBC}") = "MApp.DA", "MApp.DA\MApp.DA.csproj", "{95FCE6EB-EFB9-4427-A883-B3D732AF78D7}"
EndProject
Project("{FAE04EC0-301F-11D3-BF4B-00C04F79EFBC}") = "MApp.Middleware", "MApp.Middleware\MApp.Middleware.csproj", "{09BF29E8-3148-4492-A7AE-C662E80DEE96}"
EndProject
Global
	GlobalSection(SolutionConfigurationPlatforms) = preSolution
		Debug|Any CPU = Debug|Any CPU
		Release|Any CPU = Release|Any CPU
	EndGlobalSection
	GlobalSection(ProjectConfigurationPlatforms) = postSolution
		{3398532B-1B4E-4EA8-868C-FA5A77782051}.Debug|Any CPU.ActiveCfg = Debug|Any CPU
		{3398532B-1B4E-4EA8-868C-FA5A77782051}.Debug|Any CPU.Build.0 = Debug|Any CPU
		{3398532B-1B4E-4EA8-868C-FA5A77782051}.Release|Any CPU.ActiveCfg = Release|Any CPU
		{3398532B-1B4E-4EA8-868C-FA5A77782051}.Release|Any CPU.Build.0 = Release|Any CPU
		{95FCE6EB-EFB9-4427-A883-B3D732AF78D7}.Debug|Any CPU.ActiveCfg = Debug|Any CPU
		{95FCE6EB-EFB9-4427-A883-B3D732AF78D7}.Debug|Any CPU.Build.0 = Debug|Any CPU
		{95FCE6EB-EFB9-4427-A883-B3D732AF78D7}.Release|Any CPU.ActiveCfg = Release|Any CPU
		{95FCE6EB-EFB9-4427-A883-B3D732AF78D7}.Release|Any CPU.Build.0 = Release|Any CPU
		{09BF29E8-3148-4492-A7AE-C662E80DEE96}.Debug|Any CPU.ActiveCfg = Debug|Any CPU
		{09BF29E8-3148-4492-A7AE-C662E80DEE96}.Debug|Any CPU.Build.0 = Debug|Any CPU
		{09BF29E8-3148-4492-A7AE-C662E80DEE96}.Release|Any CPU.ActiveCfg = Release|Any CPU
		{09BF29E8-3148-4492-A7AE-C662E80DEE96}.Release|Any CPU.Build.0 = Release|Any CPU
	EndGlobalSection
	GlobalSection(SolutionProperties) = preSolution
		HideSolutionNode = FALSE
	EndGlobalSection
EndGlobal
